// !$*UTF8*$!
{
	archiveVersion = 1;
	classes = {
	};
	objectVersion = 46;
	objects = {

/* Begin PBXBuildFile section */
		1A07D55C1F3F810A0011A997 /* Funciones.swift in Sources */ = {isa = PBXBuildFile; fileRef = 1A07D55B1F3F810A0011A997 /* Funciones.swift */; };
		1A56E3B71F49198A0002FD86 /* GoogleService-Info.plist in Resources */ = {isa = PBXBuildFile; fileRef = 1A56E3B61F49198A0002FD86 /* GoogleService-Info.plist */; };
		1A5A3E011F42542C00A1D695 /* charcani4_2.json in Resources */ = {isa = PBXBuildFile; fileRef = 1A5A3E001F42542C00A1D695 /* charcani4_2.json */; };
		22A1BC7D3B1082662170349D /* Pods_egasa.framework in Frameworks */ = {isa = PBXBuildFile; fileRef = 0A3FE2077C098D872C0D4ACA /* Pods_egasa.framework */; };
		24AA02681F30F5E700165E5C /* HistoricoViewController.swift in Sources */ = {isa = PBXBuildFile; fileRef = 24AA02671F30F5E700165E5C /* HistoricoViewController.swift */; };
		24E2074B1F2A455500985900 /* AppDelegate.swift in Sources */ = {isa = PBXBuildFile; fileRef = 24E2074A1F2A455500985900 /* AppDelegate.swift */; };
		24E2074D1F2A455500985900 /* TurbinaViewController.swift in Sources */ = {isa = PBXBuildFile; fileRef = 24E2074C1F2A455500985900 /* TurbinaViewController.swift */; };
		24E2074F1F2A455500985900 /* CalendarioViewController.swift in Sources */ = {isa = PBXBuildFile; fileRef = 24E2074E1F2A455500985900 /* CalendarioViewController.swift */; };
		24E207521F2A455500985900 /* Main.storyboard in Resources */ = {isa = PBXBuildFile; fileRef = 24E207501F2A455500985900 /* Main.storyboard */; };
		24E207541F2A455500985900 /* Assets.xcassets in Resources */ = {isa = PBXBuildFile; fileRef = 24E207531F2A455500985900 /* Assets.xcassets */; };
		24E207571F2A455500985900 /* LaunchScreen.storyboard in Resources */ = {isa = PBXBuildFile; fileRef = 24E207551F2A455500985900 /* LaunchScreen.storyboard */; };
		24E2077D1F2A6B7400985900 /* IniciarSesionViewController.swift in Sources */ = {isa = PBXBuildFile; fileRef = 24E2077C1F2A6B7400985900 /* IniciarSesionViewController.swift */; };
		24E207821F2A79E300985900 /* turbina.gif in Resources */ = {isa = PBXBuildFile; fileRef = 24E207811F2A79E300985900 /* turbina.gif */; };
		24E207841F2A8F4400985900 /* CollectionViewCell.swift in Sources */ = {isa = PBXBuildFile; fileRef = 24E207831F2A8F4400985900 /* CollectionViewCell.swift */; };
/* End PBXBuildFile section */

/* Begin PBXFileReference section */
		0A3FE2077C098D872C0D4ACA /* Pods_egasa.framework */ = {isa = PBXFileReference; explicitFileType = wrapper.framework; includeInIndex = 0; path = Pods_egasa.framework; sourceTree = BUILT_PRODUCTS_DIR; };
		1A07D55B1F3F810A0011A997 /* Funciones.swift */ = {isa = PBXFileReference; fileEncoding = 4; lastKnownFileType = sourcecode.swift; path = Funciones.swift; sourceTree = "<group>"; };
		1A56E3B61F49198A0002FD86 /* GoogleService-Info.plist */ = {isa = PBXFileReference; fileEncoding = 4; lastKnownFileType = text.plist.xml; path = "GoogleService-Info.plist"; sourceTree = "<group>"; };
		1A56E3B81F4928A10002FD86 /* egasa.entitlements */ = {isa = PBXFileReference; lastKnownFileType = text.plist.entitlements; path = egasa.entitlements; sourceTree = "<group>"; };
		1A5A3E001F42542C00A1D695 /* charcani4_2.json */ = {isa = PBXFileReference; fileEncoding = 4; lastKnownFileType = text.json; path = charcani4_2.json; sourceTree = "<group>"; };
		24AA02671F30F5E700165E5C /* HistoricoViewController.swift */ = {isa = PBXFileReference; fileEncoding = 4; lastKnownFileType = sourcecode.swift; path = HistoricoViewController.swift; sourceTree = "<group>"; };
		24E207471F2A455500985900 /* egasa.app */ = {isa = PBXFileReference; explicitFileType = wrapper.application; includeInIndex = 0; path = egasa.app; sourceTree = BUILT_PRODUCTS_DIR; };
		24E2074A1F2A455500985900 /* AppDelegate.swift */ = {isa = PBXFileReference; lastKnownFileType = sourcecode.swift; path = AppDelegate.swift; sourceTree = "<group>"; };
		24E2074C1F2A455500985900 /* TurbinaViewController.swift */ = {isa = PBXFileReference; lastKnownFileType = sourcecode.swift; path = TurbinaViewController.swift; sourceTree = "<group>"; };
		24E2074E1F2A455500985900 /* CalendarioViewController.swift */ = {isa = PBXFileReference; lastKnownFileType = sourcecode.swift; path = CalendarioViewController.swift; sourceTree = "<group>"; };
		24E207511F2A455500985900 /* Base */ = {isa = PBXFileReference; lastKnownFileType = file.storyboard; name = Base; path = Base.lproj/Main.storyboard; sourceTree = "<group>"; };
		24E207531F2A455500985900 /* Assets.xcassets */ = {isa = PBXFileReference; lastKnownFileType = folder.assetcatalog; path = Assets.xcassets; sourceTree = "<group>"; };
		24E207561F2A455500985900 /* Base */ = {isa = PBXFileReference; lastKnownFileType = file.storyboard; name = Base; path = Base.lproj/LaunchScreen.storyboard; sourceTree = "<group>"; };
		24E207581F2A455500985900 /* Info.plist */ = {isa = PBXFileReference; lastKnownFileType = text.plist.xml; path = Info.plist; sourceTree = "<group>"; };
		24E2077C1F2A6B7400985900 /* IniciarSesionViewController.swift */ = {isa = PBXFileReference; fileEncoding = 4; lastKnownFileType = sourcecode.swift; path = IniciarSesionViewController.swift; sourceTree = "<group>"; };
		24E207811F2A79E300985900 /* turbina.gif */ = {isa = PBXFileReference; lastKnownFileType = image.gif; path = turbina.gif; sourceTree = "<group>"; };
		24E207831F2A8F4400985900 /* CollectionViewCell.swift */ = {isa = PBXFileReference; fileEncoding = 4; lastKnownFileType = sourcecode.swift; path = CollectionViewCell.swift; sourceTree = "<group>"; };
		AE478A4D1BECF83F54C2A39A /* Pods-egasa.release.xcconfig */ = {isa = PBXFileReference; includeInIndex = 1; lastKnownFileType = text.xcconfig; name = "Pods-egasa.release.xcconfig"; path = "Pods/Target Support Files/Pods-egasa/Pods-egasa.release.xcconfig"; sourceTree = "<group>"; };
		BB69E14742CAD78EAF57AFF0 /* Pods-egasa.debug.xcconfig */ = {isa = PBXFileReference; includeInIndex = 1; lastKnownFileType = text.xcconfig; name = "Pods-egasa.debug.xcconfig"; path = "Pods/Target Support Files/Pods-egasa/Pods-egasa.debug.xcconfig"; sourceTree = "<group>"; };
/* End PBXFileReference section */

/* Begin PBXFrameworksBuildPhase section */
		24E207441F2A455500985900 /* Frameworks */ = {
			isa = PBXFrameworksBuildPhase;
			buildActionMask = 2147483647;
			files = (
				22A1BC7D3B1082662170349D /* Pods_egasa.framework in Frameworks */,
			);
			runOnlyForDeploymentPostprocessing = 0;
		};
/* End PBXFrameworksBuildPhase section */

/* Begin PBXGroup section */
		24E2073E1F2A455500985900 = {
			isa = PBXGroup;
			children = (
				24E207491F2A455500985900 /* egasa */,
				24E207481F2A455500985900 /* Products */,
				E1DB5766441AF0458D74C072 /* Pods */,
				AD9EA55367B5953FC47883FF /* Frameworks */,
			);
			sourceTree = "<group>";
		};
		24E207481F2A455500985900 /* Products */ = {
			isa = PBXGroup;
			children = (
				24E207471F2A455500985900 /* egasa.app */,
			);
			name = Products;
			sourceTree = "<group>";
		};
		24E207491F2A455500985900 /* egasa */ = {
			isa = PBXGroup;
			children = (
				1A56E3B81F4928A10002FD86 /* egasa.entitlements */,
				24E2077E1F2A748400985900 /* images */,
				24E2074A1F2A455500985900 /* AppDelegate.swift */,
				24E2074C1F2A455500985900 /* TurbinaViewController.swift */,
				24E2074E1F2A455500985900 /* CalendarioViewController.swift */,
				24E207501F2A455500985900 /* Main.storyboard */,
				24AA02671F30F5E700165E5C /* HistoricoViewController.swift */,
				24E207831F2A8F4400985900 /* CollectionViewCell.swift */,
				24E2077C1F2A6B7400985900 /* IniciarSesionViewController.swift */,
				24E207531F2A455500985900 /* Assets.xcassets */,
				24E207811F2A79E300985900 /* turbina.gif */,
				24E207551F2A455500985900 /* LaunchScreen.storyboard */,
				24E207581F2A455500985900 /* Info.plist */,
				1A07D55B1F3F810A0011A997 /* Funciones.swift */,
				1A5A3E001F42542C00A1D695 /* charcani4_2.json */,
				1A56E3B61F49198A0002FD86 /* GoogleService-Info.plist */,
			);
			path = egasa;
			sourceTree = "<group>";
		};
		24E2077E1F2A748400985900 /* images */ = {
			isa = PBXGroup;
			children = (
			);
			name = images;
			sourceTree = "<group>";
		};
		AD9EA55367B5953FC47883FF /* Frameworks */ = {
			isa = PBXGroup;
			children = (
				0A3FE2077C098D872C0D4ACA /* Pods_egasa.framework */,
			);
			name = Frameworks;
			sourceTree = "<group>";
		};
		E1DB5766441AF0458D74C072 /* Pods */ = {
			isa = PBXGroup;
			children = (
				BB69E14742CAD78EAF57AFF0 /* Pods-egasa.debug.xcconfig */,
				AE478A4D1BECF83F54C2A39A /* Pods-egasa.release.xcconfig */,
			);
			name = Pods;
			sourceTree = "<group>";
		};
/* End PBXGroup section */

/* Begin PBXNativeTarget section */
		24E207461F2A455500985900 /* egasa */ = {
			isa = PBXNativeTarget;
			buildConfigurationList = 24E2075B1F2A455500985900 /* Build configuration list for PBXNativeTarget "egasa" */;
			buildPhases = (
				9C35562AD3B318C55F353D10 /* [CP] Check Pods Manifest.lock */,
				24E207431F2A455500985900 /* Sources */,
				24E207441F2A455500985900 /* Frameworks */,
				24E207451F2A455500985900 /* Resources */,
				3261427494675C3DE0A2F2DF /* [CP] Embed Pods Frameworks */,
				0684BCE6DD394A221F30468E /* [CP] Copy Pods Resources */,
			);
			buildRules = (
			);
			dependencies = (
			);
			name = egasa;
			productName = egasa;
			productReference = 24E207471F2A455500985900 /* egasa.app */;
			productType = "com.apple.product-type.application";
		};
/* End PBXNativeTarget section */

/* Begin PBXProject section */
		24E2073F1F2A455500985900 /* Project object */ = {
			isa = PBXProject;
			attributes = {
				LastSwiftUpdateCheck = 0830;
				LastUpgradeCheck = 0830;
				ORGANIZATIONNAME = rosario;
				TargetAttributes = {
					24E207461F2A455500985900 = {
						CreatedOnToolsVersion = 8.3.3;
						DevelopmentTeam = 9MFXUF664H;
						ProvisioningStyle = Automatic;
						SystemCapabilities = {
							com.apple.Keychain = {
								enabled = 1;
							};
						};
					};
				};
			};
			buildConfigurationList = 24E207421F2A455500985900 /* Build configuration list for PBXProject "egasa" */;
			compatibilityVersion = "Xcode 3.2";
			developmentRegion = English;
			hasScannedForEncodings = 0;
			knownRegions = (
				en,
				Base,
			);
			mainGroup = 24E2073E1F2A455500985900;
			productRefGroup = 24E207481F2A455500985900 /* Products */;
			projectDirPath = "";
			projectRoot = "";
			targets = (
				24E207461F2A455500985900 /* egasa */,
			);
		};
/* End PBXProject section */

/* Begin PBXResourcesBuildPhase section */
		24E207451F2A455500985900 /* Resources */ = {
			isa = PBXResourcesBuildPhase;
			buildActionMask = 2147483647;
			files = (
				24E207571F2A455500985900 /* LaunchScreen.storyboard in Resources */,
				24E207541F2A455500985900 /* Assets.xcassets in Resources */,
				1A5A3E011F42542C00A1D695 /* charcani4_2.json in Resources */,
				24E207521F2A455500985900 /* Main.storyboard in Resources */,
				24E207821F2A79E300985900 /* turbina.gif in Resources */,
				1A56E3B71F49198A0002FD86 /* GoogleService-Info.plist in Resources */,
			);
			runOnlyForDeploymentPostprocessing = 0;
		};
/* End PBXResourcesBuildPhase section */

/* Begin PBXShellScriptBuildPhase section */
		0684BCE6DD394A221F30468E /* [CP] Copy Pods Resources */ = {
			isa = PBXShellScriptBuildPhase;
			buildActionMask = 2147483647;
			files = (
			);
			inputPaths = (
			);
			name = "[CP] Copy Pods Resources";
			outputPaths = (
			);
			runOnlyForDeploymentPostprocessing = 0;
			shellPath = /bin/sh;
			shellScript = "\"${SRCROOT}/Pods/Target Support Files/Pods-egasa/Pods-egasa-resources.sh\"\n";
			showEnvVarsInLog = 0;
		};
		3261427494675C3DE0A2F2DF /* [CP] Embed Pods Frameworks */ = {
			isa = PBXShellScriptBuildPhase;
			buildActionMask = 2147483647;
			files = (
			);
			inputPaths = (
				"${SRCROOT}/Pods/Target Support Files/Pods-egasa/Pods-egasa-frameworks.sh",
				"${BUILT_PRODUCTS_DIR}/Charts/Charts.framework",
				"${BUILT_PRODUCTS_DIR}/FSCalendar/FSCalendar.framework",
				"${BUILT_PRODUCTS_DIR}/GTMSessionFetcher/GTMSessionFetcher.framework",
				"${BUILT_PRODUCTS_DIR}/GlyuckDataGrid/GlyuckDataGrid.framework",
				"${BUILT_PRODUCTS_DIR}/GoogleToolboxForMac/GoogleToolboxForMac.framework",
				"${BUILT_PRODUCTS_DIR}/HAActionSheet/HAActionSheet.framework",
				"${BUILT_PRODUCTS_DIR}/SwiftGifOrigin/SwiftGifOrigin.framework",
				"${BUILT_PRODUCTS_DIR}/nanopb/nanopb.framework",
			);
			name = "[CP] Embed Pods Frameworks";
			outputPaths = (
				"${TARGET_BUILD_DIR}/${FRAMEWORKS_FOLDER_PATH}/Charts.framework",
				"${TARGET_BUILD_DIR}/${FRAMEWORKS_FOLDER_PATH}/FSCalendar.framework",
				"${TARGET_BUILD_DIR}/${FRAMEWORKS_FOLDER_PATH}/GTMSessionFetcher.framework",
				"${TARGET_BUILD_DIR}/${FRAMEWORKS_FOLDER_PATH}/GlyuckDataGrid.framework",
				"${TARGET_BUILD_DIR}/${FRAMEWORKS_FOLDER_PATH}/GoogleToolboxForMac.framework",
				"${TARGET_BUILD_DIR}/${FRAMEWORKS_FOLDER_PATH}/HAActionSheet.framework",
				"${TARGET_BUILD_DIR}/${FRAMEWORKS_FOLDER_PATH}/SwiftGifOrigin.framework",
				"${TARGET_BUILD_DIR}/${FRAMEWORKS_FOLDER_PATH}/nanopb.framework",
			);
			runOnlyForDeploymentPostprocessing = 0;
			shellPath = /bin/sh;
			shellScript = "\"${SRCROOT}/Pods/Target Support Files/Pods-egasa/Pods-egasa-frameworks.sh\"\n";
			showEnvVarsInLog = 0;
		};
		9C35562AD3B318C55F353D10 /* [CP] Check Pods Manifest.lock */ = {
			isa = PBXShellScriptBuildPhase;
			buildActionMask = 2147483647;
			files = (
			);
			inputPaths = (
				"${PODS_PODFILE_DIR_PATH}/Podfile.lock",
				"${PODS_ROOT}/Manifest.lock",
			);
			name = "[CP] Check Pods Manifest.lock";
			outputPaths = (
				"$(DERIVED_FILE_DIR)/Pods-egasa-checkManifestLockResult.txt",
			);
			runOnlyForDeploymentPostprocessing = 0;
			shellPath = /bin/sh;
			shellScript = "diff \"${PODS_PODFILE_DIR_PATH}/Podfile.lock\" \"${PODS_ROOT}/Manifest.lock\" > /dev/null\nif [ $? != 0 ] ; then\n    # print error to STDERR\n    echo \"error: The sandbox is not in sync with the Podfile.lock. Run 'pod install' or update your CocoaPods installation.\" >&2\n    exit 1\nfi\n# This output is used by Xcode 'outputs' to avoid re-running this script phase.\necho \"SUCCESS\" > \"${SCRIPT_OUTPUT_FILE_0}\"\n";
			showEnvVarsInLog = 0;
		};
/* End PBXShellScriptBuildPhase section */

/* Begin PBXSourcesBuildPhase section */
		24E207431F2A455500985900 /* Sources */ = {
			isa = PBXSourcesBuildPhase;
			buildActionMask = 2147483647;
			files = (
				1A07D55C1F3F810A0011A997 /* Funciones.swift in Sources */,
				24E207841F2A8F4400985900 /* CollectionViewCell.swift in Sources */,
				24E2074F1F2A455500985900 /* CalendarioViewController.swift in Sources */,
				24E2077D1F2A6B7400985900 /* IniciarSesionViewController.swift in Sources */,
				24AA02681F30F5E700165E5C /* HistoricoViewController.swift in Sources */,
				24E2074B1F2A455500985900 /* AppDelegate.swift in Sources */,
				24E2074D1F2A455500985900 /* TurbinaViewController.swift in Sources */,
			);
			runOnlyForDeploymentPostprocessing = 0;
		};
/* End PBXSourcesBuildPhase section */

/* Begin PBXVariantGroup section */
		24E207501F2A455500985900 /* Main.storyboard */ = {
			isa = PBXVariantGroup;
			children = (
				24E207511F2A455500985900 /* Base */,
			);
			name = Main.storyboard;
			sourceTree = "<group>";
		};
		24E207551F2A455500985900 /* LaunchScreen.storyboard */ = {
			isa = PBXVariantGroup;
			children = (
				24E207561F2A455500985900 /* Base */,
			);
			name = LaunchScreen.storyboard;
			sourceTree = "<group>";
		};
/* End PBXVariantGroup section */

/* Begin XCBuildConfiguration section */
		24E207591F2A455500985900 /* Debug */ = {
			isa = XCBuildConfiguration;
			buildSettings = {
				ALWAYS_SEARCH_USER_PATHS = NO;
				CLANG_ANALYZER_NONNULL = YES;
				CLANG_ANALYZER_NUMBER_OBJECT_CONVERSION = YES_AGGRESSIVE;
				CLANG_CXX_LANGUAGE_STANDARD = "gnu++0x";
				CLANG_CXX_LIBRARY = "libc++";
				CLANG_ENABLE_MODULES = YES;
				CLANG_ENABLE_OBJC_ARC = YES;
				CLANG_WARN_BOOL_CONVERSION = YES;
				CLANG_WARN_CONSTANT_CONVERSION = YES;
				CLANG_WARN_DIRECT_OBJC_ISA_USAGE = YES_ERROR;
				CLANG_WARN_DOCUMENTATION_COMMENTS = YES;
				CLANG_WARN_EMPTY_BODY = YES;
				CLANG_WARN_ENUM_CONVERSION = YES;
				CLANG_WARN_INFINITE_RECURSION = YES;
				CLANG_WARN_INT_CONVERSION = YES;
				CLANG_WARN_OBJC_ROOT_CLASS = YES_ERROR;
				CLANG_WARN_SUSPICIOUS_MOVE = YES;
				CLANG_WARN_UNREACHABLE_CODE = YES;
				CLANG_WARN__DUPLICATE_METHOD_MATCH = YES;
				"CODE_SIGN_IDENTITY[sdk=iphoneos*]" = "iPhone Developer";
				COPY_PHASE_STRIP = NO;
				DEBUG_INFORMATION_FORMAT = dwarf;
				ENABLE_STRICT_OBJC_MSGSEND = YES;
				ENABLE_TESTABILITY = YES;
				GCC_C_LANGUAGE_STANDARD = gnu99;
				GCC_DYNAMIC_NO_PIC = NO;
				GCC_NO_COMMON_BLOCKS = YES;
				GCC_OPTIMIZATION_LEVEL = 0;
				GCC_PREPROCESSOR_DEFINITIONS = (
					"DEBUG=1",
					"$(inherited)",
				);
				GCC_WARN_64_TO_32_BIT_CONVERSION = YES;
				GCC_WARN_ABOUT_RETURN_TYPE = YES_ERROR;
				GCC_WARN_UNDECLARED_SELECTOR = YES;
				GCC_WARN_UNINITIALIZED_AUTOS = YES_AGGRESSIVE;
				GCC_WARN_UNUSED_FUNCTION = YES;
				GCC_WARN_UNUSED_VARIABLE = YES;
				IPHONEOS_DEPLOYMENT_TARGET = 10.3;
				MTL_ENABLE_DEBUG_INFO = YES;
				ONLY_ACTIVE_ARCH = YES;
				SDKROOT = iphoneos;
				SWIFT_ACTIVE_COMPILATION_CONDITIONS = DEBUG;
				SWIFT_OPTIMIZATION_LEVEL = "-Onone";
				TARGETED_DEVICE_FAMILY = "1,2";
			};
			name = Debug;
		};
		24E2075A1F2A455500985900 /* Release */ = {
			isa = XCBuildConfiguration;
			buildSettings = {
				ALWAYS_SEARCH_USER_PATHS = NO;
				CLANG_ANALYZER_NONNULL = YES;
				CLANG_ANALYZER_NUMBER_OBJECT_CONVERSION = YES_AGGRESSIVE;
				CLANG_CXX_LANGUAGE_STANDARD = "gnu++0x";
				CLANG_CXX_LIBRARY = "libc++";
				CLANG_ENABLE_MODULES = YES;
				CLANG_ENABLE_OBJC_ARC = YES;
				CLANG_WARN_BOOL_CONVERSION = YES;
				CLANG_WARN_CONSTANT_CONVERSION = YES;
				CLANG_WARN_DIRECT_OBJC_ISA_USAGE = YES_ERROR;
				CLANG_WARN_DOCUMENTATION_COMMENTS = YES;
				CLANG_WARN_EMPTY_BODY = YES;
				CLANG_WARN_ENUM_CONVERSION = YES;
				CLANG_WARN_INFINITE_RECURSION = YES;
				CLANG_WARN_INT_CONVERSION = YES;
				CLANG_WARN_OBJC_ROOT_CLASS = YES_ERROR;
				CLANG_WARN_SUSPICIOUS_MOVE = YES;
				CLANG_WARN_UNREACHABLE_CODE = YES;
				CLANG_WARN__DUPLICATE_METHOD_MATCH = YES;
				"CODE_SIGN_IDENTITY[sdk=iphoneos*]" = "iPhone Developer";
				COPY_PHASE_STRIP = NO;
				DEBUG_INFORMATION_FORMAT = "dwarf-with-dsym";
				ENABLE_NS_ASSERTIONS = NO;
				ENABLE_STRICT_OBJC_MSGSEND = YES;
				GCC_C_LANGUAGE_STANDARD = gnu99;
				GCC_NO_COMMON_BLOCKS = YES;
				GCC_WARN_64_TO_32_BIT_CONVERSION = YES;
				GCC_WARN_ABOUT_RETURN_TYPE = YES_ERROR;
				GCC_WARN_UNDECLARED_SELECTOR = YES;
				GCC_WARN_UNINITIALIZED_AUTOS = YES_AGGRESSIVE;
				GCC_WARN_UNUSED_FUNCTION = YES;
				GCC_WARN_UNUSED_VARIABLE = YES;
				IPHONEOS_DEPLOYMENT_TARGET = 10.3;
				MTL_ENABLE_DEBUG_INFO = NO;
				SDKROOT = iphoneos;
				SWIFT_OPTIMIZATION_LEVEL = "-Owholemodule";
				TARGETED_DEVICE_FAMILY = "1,2";
				VALIDATE_PRODUCT = YES;
			};
			name = Release;
		};
		24E2075C1F2A455500985900 /* Debug */ = {
			isa = XCBuildConfiguration;
			baseConfigurationReference = BB69E14742CAD78EAF57AFF0 /* Pods-egasa.debug.xcconfig */;
			buildSettings = {
				ASSETCATALOG_COMPILER_APPICON_NAME = AppIcon;
				CODE_SIGN_ENTITLEMENTS = egasa/egasa.entitlements;
				DEVELOPMENT_TEAM = 9MFXUF664H;
				INFOPLIST_FILE = egasa/Info.plist;
				LD_RUNPATH_SEARCH_PATHS = "$(inherited) @executable_path/Frameworks";
				PRODUCT_BUNDLE_IDENTIFIER = com.debug.egasa;
				PRODUCT_NAME = "$(TARGET_NAME)";
				SWIFT_VERSION = 3.0;
			};
			name = Debug;
		};
		24E2075D1F2A455500985900 /* Release */ = {
			isa = XCBuildConfiguration;
			baseConfigurationReference = AE478A4D1BECF83F54C2A39A /* Pods-egasa.release.xcconfig */;
			buildSettings = {
				ASSETCATALOG_COMPILER_APPICON_NAME = AppIcon;
				CODE_SIGN_ENTITLEMENTS = egasa/egasa.entitlements;
				DEVELOPMENT_TEAM = 9MFXUF664H;
				INFOPLIST_FILE = egasa/Info.plist;
				LD_RUNPATH_SEARCH_PATHS = "$(inherited) @executable_path/Frameworks";
				PRODUCT_BUNDLE_IDENTIFIER = com.debug.egasa;
				PRODUCT_NAME = "$(TARGET_NAME)";
				SWIFT_VERSION = 3.0;
			};
			name = Release;
		};
/* End XCBuildConfiguration section */

/* Begin XCConfigurationList section */
		24E207421F2A455500985900 /* Build configuration list for PBXProject "egasa" */ = {
			isa = XCConfigurationList;
			buildConfigurations = (
				24E207591F2A455500985900 /* Debug */,
				24E2075A1F2A455500985900 /* Release */,
			);
			defaultConfigurationIsVisible = 0;
			defaultConfigurationName = Release;
		};
		24E2075B1F2A455500985900 /* Build configuration list for PBXNativeTarget "egasa" */ = {
			isa = XCConfigurationList;
			buildConfigurations = (
				24E2075C1F2A455500985900 /* Debug */,
				24E2075D1F2A455500985900 /* Release */,
			);
			defaultConfigurationIsVisible = 0;
			defaultConfigurationName = Release;
		};
/* End XCConfigurationList section */
	};
	rootObject = 24E2073F1F2A455500985900 /* Project object */;
}
