PODS:
  - Charts (3.0.2):
    - Charts/Core (= 3.0.2)
  - Charts/Core (3.0.2)
  - FSCalendar (2.7.7)
  - GlyuckDataGrid (0.3.0)
  - SwiftGifOrigin (1.6.1)

DEPENDENCIES:
  - Charts
  - FSCalendar
  - GlyuckDataGrid
  - SwiftGifOrigin

SPEC CHECKSUMS:
  Charts: 236d6ccdd0ce6feae151d89e829a7397381a21fd
  FSCalendar: 8bda3534e8590b87124af9a236887314e0359a27
  GlyuckDataGrid: 3c0a025f62438e1a56aa84326c26906ebabda710
  SwiftGifOrigin: d6679d3ebe9df2e049a84bc52582635107b581f6

PODFILE CHECKSUM: 5e29148137f9dc066b757b2ca489cb33a772d753

COCOAPODS: 1.3.1
